
Microsoft Visual Studio Solution File, Format Version 12.00
# Visual Studio Version 17
VisualStudioVersion = 17.10.34928.147
MinimumVisualStudioVersion = 10.0.40219.1
Project("{9A19103F-16F7-4668-BE54-9A1E7A4F7556}") = "DormPuzzle", "DormPuzzle\DormPuzzle.csproj", "{2F394788-756C-4960-BCE8-87EB05E10288}"
EndProject
Project("{2150E333-8FDC-42A3-9474-1A3956D46DE8}") = "解决方案项", "解决方案项", "{295FA7A7-D310-4FF9-B76B-272F4A8ED348}"
	ProjectSection(SolutionItems) = preProject
		.gitattributes = .gitattributes
		.gitignore = .gitignore
		.github\workflows\dotnet-desktop.yml = .github\workflows\dotnet-desktop.yml
		README.md = README.md
	EndProjectSection
EndProject
Global
	GlobalSection(SolutionConfigurationPlatforms) = preSolution
		Debug|Any CPU = Debug|Any CPU
		Release|Any CPU = Release|Any CPU
	EndGlobalSection
	GlobalSection(ProjectConfigurationPlatforms) = postSolution
		{2F394788-756C-4960-BCE8-87EB05E10288}.Debug|Any CPU.ActiveCfg = Debug|Any CPU
		{2F394788-756C-4960-BCE8-87EB05E10288}.Debug|Any CPU.Build.0 = Debug|Any CPU
		{2F394788-756C-4960-BCE8-87EB05E10288}.Release|Any CPU.ActiveCfg = Release|Any CPU
		{2F394788-756C-4960-BCE8-87EB05E10288}.Release|Any CPU.Build.0 = Release|Any CPU
	EndGlobalSection
	GlobalSection(SolutionProperties) = preSolution
		HideSolutionNode = FALSE
	EndGlobalSection
	GlobalSection(ExtensibilityGlobals) = postSolution
		SolutionGuid = {82575DD7-FE32-444B-A604-BBEF8DCD63AC}
	EndGlobalSection
EndGlobal
